
Microsoft Visual Studio Solution File, Format Version 12.00
# Visual Studio Version 17
VisualStudioVersion = 17.9.34701.34
MinimumVisualStudioVersion = 10.0.40219.1
Project("{FAE04EC0-301F-11D3-BF4B-00C04F79EFBC}") = "TaskManagermentWebAPI.Presentation", "TaskManagermentWebAPI\TaskManagermentWebAPI.Presentation.csproj", "{0F00440F-69D0-4BE9-817E-D72B6FE79D06}"
EndProject
Project("{FAE04EC0-301F-11D3-BF4B-00C04F79EFBC}") = "TaskManagermentWebAPI.Entities", "TaskManagermentWebAPI.Entities\TaskManagermentWebAPI.Entities.csproj", "{50523A03-11CA-4D72-B987-2CE6E3EF77CE}"
EndProject
Project("{FAE04EC0-301F-11D3-BF4B-00C04F79EFBC}") = "TaskManagermentWebAPI.Applicaton", "TaskManagermentWebAPI.Applicaton\TaskManagermentWebAPI.Applicaton.csproj", "{8881B58F-D477-4C4A-B187-4CE5FC617BD1}"
EndProject
Global
	GlobalSection(SolutionConfigurationPlatforms) = preSolution
		Debug|Any CPU = Debug|Any CPU
		Release|Any CPU = Release|Any CPU
	EndGlobalSection
	GlobalSection(ProjectConfigurationPlatforms) = postSolution
		{0F00440F-69D0-4BE9-817E-D72B6FE79D06}.Debug|Any CPU.ActiveCfg = Debug|Any CPU
		{0F00440F-69D0-4BE9-817E-D72B6FE79D06}.Debug|Any CPU.Build.0 = Debug|Any CPU
		{0F00440F-69D0-4BE9-817E-D72B6FE79D06}.Release|Any CPU.ActiveCfg = Release|Any CPU
		{0F00440F-69D0-4BE9-817E-D72B6FE79D06}.Release|Any CPU.Build.0 = Release|Any CPU
		{50523A03-11CA-4D72-B987-2CE6E3EF77CE}.Debug|Any CPU.ActiveCfg = Debug|Any CPU
		{50523A03-11CA-4D72-B987-2CE6E3EF77CE}.Debug|Any CPU.Build.0 = Debug|Any CPU
		{50523A03-11CA-4D72-B987-2CE6E3EF77CE}.Release|Any CPU.ActiveCfg = Release|Any CPU
		{50523A03-11CA-4D72-B987-2CE6E3EF77CE}.Release|Any CPU.Build.0 = Release|Any CPU
		{8881B58F-D477-4C4A-B187-4CE5FC617BD1}.Debug|Any CPU.ActiveCfg = Debug|Any CPU
		{8881B58F-D477-4C4A-B187-4CE5FC617BD1}.Debug|Any CPU.Build.0 = Debug|Any CPU
		{8881B58F-D477-4C4A-B187-4CE5FC617BD1}.Release|Any CPU.ActiveCfg = Release|Any CPU
		{8881B58F-D477-4C4A-B187-4CE5FC617BD1}.Release|Any CPU.Build.0 = Release|Any CPU
	EndGlobalSection
	GlobalSection(SolutionProperties) = preSolution
		HideSolutionNode = FALSE
	EndGlobalSection
	GlobalSection(ExtensibilityGlobals) = postSolution
		SolutionGuid = {20D81252-3954-4F29-A624-4B2D22090A1A}
	EndGlobalSection
EndGlobal
